
Microsoft Visual Studio Solution File, Format Version 12.00
# Visual Studio Version 17
VisualStudioVersion = 17.5.33627.172
MinimumVisualStudioVersion = 10.0.40219.1
Project("{9A19103F-16F7-4668-BE54-9A1E7A4F7556}") = "MaterialAPI", "MaterialAPI\MaterialAPI.csproj", "{1DD06FA2-0FF2-4437-A304-228A28FFA87D}"
EndProject
Project("{9A19103F-16F7-4668-BE54-9A1E7A4F7556}") = "MaterialAPITest", "MaterialAPITest\MaterialAPITest.csproj", "{7CD38E43-4570-4DB5-8DBE-101795AA65F1}"
EndProject
Project("{9A19103F-16F7-4668-BE54-9A1E7A4F7556}") = "ConsoleClient", "ConsoleClient\ConsoleClient.csproj", "{7C2D2069-B8D7-4D53-8559-7440D7F8613C}"
EndProject
Global
	GlobalSection(SolutionConfigurationPlatforms) = preSolution
		Debug|Any CPU = Debug|Any CPU
		Release|Any CPU = Release|Any CPU
	EndGlobalSection
	GlobalSection(ProjectConfigurationPlatforms) = postSolution
		{1DD06FA2-0FF2-4437-A304-228A28FFA87D}.Debug|Any CPU.ActiveCfg = Debug|Any CPU
		{1DD06FA2-0FF2-4437-A304-228A28FFA87D}.Debug|Any CPU.Build.0 = Debug|Any CPU
		{1DD06FA2-0FF2-4437-A304-228A28FFA87D}.Release|Any CPU.ActiveCfg = Release|Any CPU
		{1DD06FA2-0FF2-4437-A304-228A28FFA87D}.Release|Any CPU.Build.0 = Release|Any CPU
		{7CD38E43-4570-4DB5-8DBE-101795AA65F1}.Debug|Any CPU.ActiveCfg = Debug|Any CPU
		{7CD38E43-4570-4DB5-8DBE-101795AA65F1}.Debug|Any CPU.Build.0 = Debug|Any CPU
		{7CD38E43-4570-4DB5-8DBE-101795AA65F1}.Release|Any CPU.ActiveCfg = Release|Any CPU
		{7CD38E43-4570-4DB5-8DBE-101795AA65F1}.Release|Any CPU.Build.0 = Release|Any CPU
		{7C2D2069-B8D7-4D53-8559-7440D7F8613C}.Debug|Any CPU.ActiveCfg = Debug|Any CPU
		{7C2D2069-B8D7-4D53-8559-7440D7F8613C}.Debug|Any CPU.Build.0 = Debug|Any CPU
		{7C2D2069-B8D7-4D53-8559-7440D7F8613C}.Release|Any CPU.ActiveCfg = Release|Any CPU
		{7C2D2069-B8D7-4D53-8559-7440D7F8613C}.Release|Any CPU.Build.0 = Release|Any CPU
	EndGlobalSection
	GlobalSection(SolutionProperties) = preSolution
		HideSolutionNode = FALSE
	EndGlobalSection
	GlobalSection(ExtensibilityGlobals) = postSolution
		SolutionGuid = {146EEA98-31C2-4A65-9786-779356DE7424}
	EndGlobalSection
EndGlobal
